
Microsoft Visual Studio Solution File, Format Version 12.00
# Visual Studio 15
VisualStudioVersion = 15.0.28307.329
MinimumVisualStudioVersion = 10.0.40219.1
Project("{FAE04EC0-301F-11D3-BF4B-00C04F79EFBC}") = "MyWixApp", "MyWixApp\MyWixApp.csproj", "{56308602-16E3-42AF-8D77-5DE24760E780}"
EndProject
Project("{930C7802-8A8C-48F9-8165-68863BCCD9DD}") = "MyWixApp.Installer", "MyWixInstaller\MyWixApp.Installer.wixproj", "{C77699D8-5700-457E-994B-3A71E943D077}"
EndProject
Global
	GlobalSection(SolutionConfigurationPlatforms) = preSolution
		Debug|Any CPU = Debug|Any CPU
		Debug|x64 = Debug|x64
		Debug|x86 = Debug|x86
		Release|Any CPU = Release|Any CPU
		Release|x64 = Release|x64
		Release|x86 = Release|x86
	EndGlobalSection
	GlobalSection(ProjectConfigurationPlatforms) = postSolution
		{56308602-16E3-42AF-8D77-5DE24760E780}.Debug|Any CPU.ActiveCfg = Debug|Any CPU
		{56308602-16E3-42AF-8D77-5DE24760E780}.Debug|Any CPU.Build.0 = Debug|Any CPU
		{56308602-16E3-42AF-8D77-5DE24760E780}.Debug|x64.ActiveCfg = Debug|Any CPU
		{56308602-16E3-42AF-8D77-5DE24760E780}.Debug|x64.Build.0 = Debug|Any CPU
		{56308602-16E3-42AF-8D77-5DE24760E780}.Debug|x86.ActiveCfg = Debug|Any CPU
		{56308602-16E3-42AF-8D77-5DE24760E780}.Debug|x86.Build.0 = Debug|Any CPU
		{56308602-16E3-42AF-8D77-5DE24760E780}.Release|Any CPU.ActiveCfg = Release|Any CPU
		{56308602-16E3-42AF-8D77-5DE24760E780}.Release|Any CPU.Build.0 = Release|Any CPU
		{56308602-16E3-42AF-8D77-5DE24760E780}.Release|x64.ActiveCfg = Release|Any CPU
		{56308602-16E3-42AF-8D77-5DE24760E780}.Release|x64.Build.0 = Release|Any CPU
		{56308602-16E3-42AF-8D77-5DE24760E780}.Release|x86.ActiveCfg = Release|Any CPU
		{56308602-16E3-42AF-8D77-5DE24760E780}.Release|x86.Build.0 = Release|Any CPU
		{C77699D8-5700-457E-994B-3A71E943D077}.Debug|Any CPU.ActiveCfg = Debug|x86
		{C77699D8-5700-457E-994B-3A71E943D077}.Debug|x64.ActiveCfg = Debug|x64
		{C77699D8-5700-457E-994B-3A71E943D077}.Debug|x86.ActiveCfg = Debug|x86
		{C77699D8-5700-457E-994B-3A71E943D077}.Release|Any CPU.ActiveCfg = Release|x86
		{C77699D8-5700-457E-994B-3A71E943D077}.Release|x64.ActiveCfg = Release|x64
		{C77699D8-5700-457E-994B-3A71E943D077}.Release|x86.ActiveCfg = Release|x86
	EndGlobalSection
	GlobalSection(SolutionProperties) = preSolution
		HideSolutionNode = FALSE
	EndGlobalSection
	GlobalSection(ExtensibilityGlobals) = postSolution
		SolutionGuid = {FDFC6B97-7D73-42B0-A0EE-98E3A9E3D98A}
	EndGlobalSection
EndGlobal
